
Microsoft Visual Studio Solution File, Format Version 12.00
# Visual Studio Version 17
VisualStudioVersion = 17.0.31903.59
MinimumVisualStudioVersion = 10.0.40219.1
Project("{2150E333-8FDC-42A3-9474-1A3956D46DE8}") = "src", "src", "{827E0CD3-B72D-47B6-A68D-7590B98EB39B}"
EndProject
Project("{FAE04EC0-301F-11D3-BF4B-00C04F79EFBC}") = "RacingCoach.Domain", "src\RacingCoach.Domain\RacingCoach.Domain.csproj", "{23003049-D856-43E1-A266-12052240086E}"
EndProject
Project("{FAE04EC0-301F-11D3-BF4B-00C04F79EFBC}") = "RacingCoach.Shared", "src\RacingCoach.Shared\RacingCoach.Shared.csproj", "{23CFAE24-81EB-41EE-B42F-A54B8229EF2B}"
EndProject
Project("{FAE04EC0-301F-11D3-BF4B-00C04F79EFBC}") = "RacingCoach.Infrastructure", "src\RacingCoach.Infrastructure\RacingCoach.Infrastructure.csproj", "{2D46C5D9-7218-4233-A396-2F4648D9E853}"
EndProject
Project("{FAE04EC0-301F-11D3-BF4B-00C04F79EFBC}") = "RacingCoach.Api", "src\RacingCoach.Api\RacingCoach.Api.csproj", "{E6ED8215-26BD-4C2D-B71F-021AAE7792EA}"
EndProject
Project("{2150E333-8FDC-42A3-9474-1A3956D46DE8}") = "tests", "tests", "{0AB3BF05-4346-4AA6-1389-037BE0695223}"
EndProject
Project("{FAE04EC0-301F-11D3-BF4B-00C04F79EFBC}") = "RacingCoach.Tests", "tests\RacingCoach.Tests\RacingCoach.Tests.csproj", "{181E9294-FCD0-47FA-8783-AC2CEC08D4C7}"
EndProject
Project("{FAE04EC0-301F-11D3-BF4B-00C04F79EFBC}") = "RacingCoach.Providers.GT7", "src\RacingCoach.Providers.GT7\RacingCoach.Providers.GT7.csproj", "{A791CB5D-0DCC-4F23-9045-D7BC1A9681E0}"
EndProject
Global
	GlobalSection(SolutionConfigurationPlatforms) = preSolution
		Debug|Any CPU = Debug|Any CPU
		Debug|x64 = Debug|x64
		Debug|x86 = Debug|x86
		Release|Any CPU = Release|Any CPU
		Release|x64 = Release|x64
		Release|x86 = Release|x86
	EndGlobalSection
	GlobalSection(ProjectConfigurationPlatforms) = postSolution
		{23003049-D856-43E1-A266-12052240086E}.Debug|Any CPU.ActiveCfg = Debug|Any CPU
		{23003049-D856-43E1-A266-12052240086E}.Debug|Any CPU.Build.0 = Debug|Any CPU
		{23003049-D856-43E1-A266-12052240086E}.Debug|x64.ActiveCfg = Debug|Any CPU
		{23003049-D856-43E1-A266-12052240086E}.Debug|x64.Build.0 = Debug|Any CPU
		{23003049-D856-43E1-A266-12052240086E}.Debug|x86.ActiveCfg = Debug|Any CPU
		{23003049-D856-43E1-A266-12052240086E}.Debug|x86.Build.0 = Debug|Any CPU
		{23003049-D856-43E1-A266-12052240086E}.Release|Any CPU.ActiveCfg = Release|Any CPU
		{23003049-D856-43E1-A266-12052240086E}.Release|Any CPU.Build.0 = Release|Any CPU
		{23003049-D856-43E1-A266-12052240086E}.Release|x64.ActiveCfg = Release|Any CPU
		{23003049-D856-43E1-A266-12052240086E}.Release|x64.Build.0 = Release|Any CPU
		{23003049-D856-43E1-A266-12052240086E}.Release|x86.ActiveCfg = Release|Any CPU
		{23003049-D856-43E1-A266-12052240086E}.Release|x86.Build.0 = Release|Any CPU
		{23CFAE24-81EB-41EE-B42F-A54B8229EF2B}.Debug|Any CPU.ActiveCfg = Debug|Any CPU
		{23CFAE24-81EB-41EE-B42F-A54B8229EF2B}.Debug|Any CPU.Build.0 = Debug|Any CPU
		{23CFAE24-81EB-41EE-B42F-A54B8229EF2B}.Debug|x64.ActiveCfg = Debug|Any CPU
		{23CFAE24-81EB-41EE-B42F-A54B8229EF2B}.Debug|x64.Build.0 = Debug|Any CPU
		{23CFAE24-81EB-41EE-B42F-A54B8229EF2B}.Debug|x86.ActiveCfg = Debug|Any CPU
		{23CFAE24-81EB-41EE-B42F-A54B8229EF2B}.Debug|x86.Build.0 = Debug|Any CPU
		{23CFAE24-81EB-41EE-B42F-A54B8229EF2B}.Release|Any CPU.ActiveCfg = Release|Any CPU
		{23CFAE24-81EB-41EE-B42F-A54B8229EF2B}.Release|Any CPU.Build.0 = Release|Any CPU
		{23CFAE24-81EB-41EE-B42F-A54B8229EF2B}.Release|x64.ActiveCfg = Release|Any CPU
		{23CFAE24-81EB-41EE-B42F-A54B8229EF2B}.Release|x64.Build.0 = Release|Any CPU
		{23CFAE24-81EB-41EE-B42F-A54B8229EF2B}.Release|x86.ActiveCfg = Release|Any CPU
		{23CFAE24-81EB-41EE-B42F-A54B8229EF2B}.Release|x86.Build.0 = Release|Any CPU
		{2D46C5D9-7218-4233-A396-2F4648D9E853}.Debug|Any CPU.ActiveCfg = Debug|Any CPU
		{2D46C5D9-7218-4233-A396-2F4648D9E853}.Debug|Any CPU.Build.0 = Debug|Any CPU
		{2D46C5D9-7218-4233-A396-2F4648D9E853}.Debug|x64.ActiveCfg = Debug|Any CPU
		{2D46C5D9-7218-4233-A396-2F4648D9E853}.Debug|x64.Build.0 = Debug|Any CPU
		{2D46C5D9-7218-4233-A396-2F4648D9E853}.Debug|x86.ActiveCfg = Debug|Any CPU
		{2D46C5D9-7218-4233-A396-2F4648D9E853}.Debug|x86.Build.0 = Debug|Any CPU
		{2D46C5D9-7218-4233-A396-2F4648D9E853}.Release|Any CPU.ActiveCfg = Release|Any CPU
		{2D46C5D9-7218-4233-A396-2F4648D9E853}.Release|Any CPU.Build.0 = Release|Any CPU
		{2D46C5D9-7218-4233-A396-2F4648D9E853}.Release|x64.ActiveCfg = Release|Any CPU
		{2D46C5D9-7218-4233-A396-2F4648D9E853}.Release|x64.Build.0 = Release|Any CPU
		{2D46C5D9-7218-4233-A396-2F4648D9E853}.Release|x86.ActiveCfg = Release|Any CPU
		{2D46C5D9-7218-4233-A396-2F4648D9E853}.Release|x86.Build.0 = Release|Any CPU
		{E6ED8215-26BD-4C2D-B71F-021AAE7792EA}.Debug|Any CPU.ActiveCfg = Debug|Any CPU
		{E6ED8215-26BD-4C2D-B71F-021AAE7792EA}.Debug|Any CPU.Build.0 = Debug|Any CPU
		{E6ED8215-26BD-4C2D-B71F-021AAE7792EA}.Debug|x64.ActiveCfg = Debug|Any CPU
		{E6ED8215-26BD-4C2D-B71F-021AAE7792EA}.Debug|x64.Build.0 = Debug|Any CPU
		{E6ED8215-26BD-4C2D-B71F-021AAE7792EA}.Debug|x86.ActiveCfg = Debug|Any CPU
		{E6ED8215-26BD-4C2D-B71F-021AAE7792EA}.Debug|x86.Build.0 = Debug|Any CPU
		{E6ED8215-26BD-4C2D-B71F-021AAE7792EA}.Release|Any CPU.ActiveCfg = Release|Any CPU
		{E6ED8215-26BD-4C2D-B71F-021AAE7792EA}.Release|Any CPU.Build.0 = Release|Any CPU
		{E6ED8215-26BD-4C2D-B71F-021AAE7792EA}.Release|x64.ActiveCfg = Release|Any CPU
		{E6ED8215-26BD-4C2D-B71F-021AAE7792EA}.Release|x64.Build.0 = Release|Any CPU
		{E6ED8215-26BD-4C2D-B71F-021AAE7792EA}.Release|x86.ActiveCfg = Release|Any CPU
		{E6ED8215-26BD-4C2D-B71F-021AAE7792EA}.Release|x86.Build.0 = Release|Any CPU
		{181E9294-FCD0-47FA-8783-AC2CEC08D4C7}.Debug|Any CPU.ActiveCfg = Debug|Any CPU
		{181E9294-FCD0-47FA-8783-AC2CEC08D4C7}.Debug|Any CPU.Build.0 = Debug|Any CPU
		{181E9294-FCD0-47FA-8783-AC2CEC08D4C7}.Debug|x64.ActiveCfg = Debug|Any CPU
		{181E9294-FCD0-47FA-8783-AC2CEC08D4C7}.Debug|x64.Build.0 = Debug|Any CPU
		{181E9294-FCD0-47FA-8783-AC2CEC08D4C7}.Debug|x86.ActiveCfg = Debug|Any CPU
		{181E9294-FCD0-47FA-8783-AC2CEC08D4C7}.Debug|x86.Build.0 = Debug|Any CPU
		{181E9294-FCD0-47FA-8783-AC2CEC08D4C7}.Release|Any CPU.ActiveCfg = Release|Any CPU
		{181E9294-FCD0-47FA-8783-AC2CEC08D4C7}.Release|Any CPU.Build.0 = Release|Any CPU
		{181E9294-FCD0-47FA-8783-AC2CEC08D4C7}.Release|x64.ActiveCfg = Release|Any CPU
		{181E9294-FCD0-47FA-8783-AC2CEC08D4C7}.Release|x64.Build.0 = Release|Any CPU
		{181E9294-FCD0-47FA-8783-AC2CEC08D4C7}.Release|x86.ActiveCfg = Release|Any CPU
		{181E9294-FCD0-47FA-8783-AC2CEC08D4C7}.Release|x86.Build.0 = Release|Any CPU
		{A791CB5D-0DCC-4F23-9045-D7BC1A9681E0}.Debug|Any CPU.ActiveCfg = Debug|Any CPU
		{A791CB5D-0DCC-4F23-9045-D7BC1A9681E0}.Debug|Any CPU.Build.0 = Debug|Any CPU
		{A791CB5D-0DCC-4F23-9045-D7BC1A9681E0}.Debug|x64.ActiveCfg = Debug|Any CPU
		{A791CB5D-0DCC-4F23-9045-D7BC1A9681E0}.Debug|x64.Build.0 = Debug|Any CPU
		{A791CB5D-0DCC-4F23-9045-D7BC1A9681E0}.Debug|x86.ActiveCfg = Debug|Any CPU
		{A791CB5D-0DCC-4F23-9045-D7BC1A9681E0}.Debug|x86.Build.0 = Debug|Any CPU
		{A791CB5D-0DCC-4F23-9045-D7BC1A9681E0}.Release|Any CPU.ActiveCfg = Release|Any CPU
		{A791CB5D-0DCC-4F23-9045-D7BC1A9681E0}.Release|Any CPU.Build.0 = Release|Any CPU
		{A791CB5D-0DCC-4F23-9045-D7BC1A9681E0}.Release|x64.ActiveCfg = Release|Any CPU
		{A791CB5D-0DCC-4F23-9045-D7BC1A9681E0}.Release|x64.Build.0 = Release|Any CPU
		{A791CB5D-0DCC-4F23-9045-D7BC1A9681E0}.Release|x86.ActiveCfg = Release|Any CPU
		{A791CB5D-0DCC-4F23-9045-D7BC1A9681E0}.Release|x86.Build.0 = Release|Any CPU
	EndGlobalSection
	GlobalSection(SolutionProperties) = preSolution
		HideSolutionNode = FALSE
	EndGlobalSection
	GlobalSection(NestedProjects) = preSolution
		{23003049-D856-43E1-A266-12052240086E} = {827E0CD3-B72D-47B6-A68D-7590B98EB39B}
		{23CFAE24-81EB-41EE-B42F-A54B8229EF2B} = {827E0CD3-B72D-47B6-A68D-7590B98EB39B}
		{2D46C5D9-7218-4233-A396-2F4648D9E853} = {827E0CD3-B72D-47B6-A68D-7590B98EB39B}
		{E6ED8215-26BD-4C2D-B71F-021AAE7792EA} = {827E0CD3-B72D-47B6-A68D-7590B98EB39B}
		{181E9294-FCD0-47FA-8783-AC2CEC08D4C7} = {0AB3BF05-4346-4AA6-1389-037BE0695223}
		{A791CB5D-0DCC-4F23-9045-D7BC1A9681E0} = {827E0CD3-B72D-47B6-A68D-7590B98EB39B}
	EndGlobalSection
EndGlobal
